// !$*UTF8*$!
{
	archiveVersion = 1;
	classes = {
	};
	objectVersion = 55;
	objects = {

/* Begin PBXBuildFile section */
		4F05072D276CDDDF002D5536 /* SpawnNewGeneration.swift in Sources */ = {isa = PBXBuildFile; fileRef = 4F05072C276CDDDF002D5536 /* SpawnNewGeneration.swift */; };
		4F05072F276CE1D4002D5536 /* EndOfGeneration.swift in Sources */ = {isa = PBXBuildFile; fileRef = 4F05072E276CE1D4002D5536 /* EndOfGeneration.swift */; };
		4F050731276CE200002D5536 /* EndOfSimStep.swift in Sources */ = {isa = PBXBuildFile; fileRef = 4F050730276CE200002D5536 /* EndOfSimStep.swift */; };
		4F050733276CE300002D5536 /* FeedForward.swift in Sources */ = {isa = PBXBuildFile; fileRef = 4F050732276CE300002D5536 /* FeedForward.swift */; };
		4F16F6E02761AEC3008C7F50 /* Grid.swift in Sources */ = {isa = PBXBuildFile; fileRef = 4F16F6DF2761AEC3008C7F50 /* Grid.swift */; };
		4F16F6E22764D209008C7F50 /* SensorsActions.swift in Sources */ = {isa = PBXBuildFile; fileRef = 4F16F6E12764D209008C7F50 /* SensorsActions.swift */; };
		4F1F8C0E2768D1A6003EC662 /* Peeps.swift in Sources */ = {isa = PBXBuildFile; fileRef = 4F1F8C0D2768D1A6003EC662 /* Peeps.swift */; };
		4F297BBB276BFD7600B37A64 /* ExecuteActionsTests.swift in Sources */ = {isa = PBXBuildFile; fileRef = 4F297BBA276BFD7600B37A64 /* ExecuteActionsTests.swift */; };
		4F945C5C276A2F5E00E1E4FF /* ExecuteActions.swift in Sources */ = {isa = PBXBuildFile; fileRef = 4F945C5B276A2F5E00E1E4FF /* ExecuteActions.swift */; };
		4F945C5E276B72A000E1E4FF /* PeepsTests.swift in Sources */ = {isa = PBXBuildFile; fileRef = 4F945C5D276B72A000E1E4FF /* PeepsTests.swift */; };
		4FB168282766F1B00048E6EB /* Genome.swift in Sources */ = {isa = PBXBuildFile; fileRef = 4FB168272766F1B00048E6EB /* Genome.swift */; };
		4FB1682A276790760048E6EB /* Indiv.swift in Sources */ = {isa = PBXBuildFile; fileRef = 4FB16829276790760048E6EB /* Indiv.swift */; };
		4FB1682C276791E00048E6EB /* Simulator.swift in Sources */ = {isa = PBXBuildFile; fileRef = 4FB1682B276791E00048E6EB /* Simulator.swift */; };
		4FB1682E276794D30048E6EB /* Params.swift in Sources */ = {isa = PBXBuildFile; fileRef = 4FB1682D276794D30048E6EB /* Params.swift */; };
		4FD39BB92759BFCF006D5ED5 /* AppDelegate.swift in Sources */ = {isa = PBXBuildFile; fileRef = 4FD39BB82759BFCF006D5ED5 /* AppDelegate.swift */; };
		4FD39BBB2759BFCF006D5ED5 /* GameScene.sks in Resources */ = {isa = PBXBuildFile; fileRef = 4FD39BBA2759BFCF006D5ED5 /* GameScene.sks */; };
		4FD39BBD2759BFCF006D5ED5 /* Actions.sks in Resources */ = {isa = PBXBuildFile; fileRef = 4FD39BBC2759BFCF006D5ED5 /* Actions.sks */; };
		4FD39BBF2759BFCF006D5ED5 /* GameScene.swift in Sources */ = {isa = PBXBuildFile; fileRef = 4FD39BBE2759BFCF006D5ED5 /* GameScene.swift */; };
		4FD39BC12759BFCF006D5ED5 /* ViewController.swift in Sources */ = {isa = PBXBuildFile; fileRef = 4FD39BC02759BFCF006D5ED5 /* ViewController.swift */; };
		4FD39BC32759BFD0006D5ED5 /* Assets.xcassets in Resources */ = {isa = PBXBuildFile; fileRef = 4FD39BC22759BFD0006D5ED5 /* Assets.xcassets */; };
		4FD39BC62759BFD0006D5ED5 /* Main.storyboard in Resources */ = {isa = PBXBuildFile; fileRef = 4FD39BC42759BFD0006D5ED5 /* Main.storyboard */; };
		4FD39BDB2759BFD0006D5ED5 /* biosim4_swiftUITests.swift in Sources */ = {isa = PBXBuildFile; fileRef = 4FD39BDA2759BFD0006D5ED5 /* biosim4_swiftUITests.swift */; };
		4FD39BDD2759BFD0006D5ED5 /* biosim4_swiftUITestsLaunchTests.swift in Sources */ = {isa = PBXBuildFile; fileRef = 4FD39BDC2759BFD0006D5ED5 /* biosim4_swiftUITestsLaunchTests.swift */; };
		4FD39BEC2759C10A006D5ED5 /* Polar.swift in Sources */ = {isa = PBXBuildFile; fileRef = 4FD39BEB2759C10A006D5ED5 /* Polar.swift */; };
		4FD39BEE2759C111006D5ED5 /* Compass.swift in Sources */ = {isa = PBXBuildFile; fileRef = 4FD39BED2759C111006D5ED5 /* Compass.swift */; };
		4FD39BF02759C115006D5ED5 /* Coord.swift in Sources */ = {isa = PBXBuildFile; fileRef = 4FD39BEF2759C115006D5ED5 /* Coord.swift */; };
		4FD39BF22759C5AE006D5ED5 /* Dir.swift in Sources */ = {isa = PBXBuildFile; fileRef = 4FD39BF12759C5AE006D5ED5 /* Dir.swift */; };
		4FD39BF42759CFCC006D5ED5 /* PolarTests.swift in Sources */ = {isa = PBXBuildFile; fileRef = 4FD39BF32759CFCC006D5ED5 /* PolarTests.swift */; };
		4FD39BF62759CFD3006D5ED5 /* CoordTests.swift in Sources */ = {isa = PBXBuildFile; fileRef = 4FD39BF52759CFD3006D5ED5 /* CoordTests.swift */; };
		4FD39BF82759CFDC006D5ED5 /* DirTests.swift in Sources */ = {isa = PBXBuildFile; fileRef = 4FD39BF72759CFDC006D5ED5 /* DirTests.swift */; };
		4FED1C7A276B7D5C004B5B90 /* Stubs.swift in Sources */ = {isa = PBXBuildFile; fileRef = 4FED1C79276B7D5C004B5B90 /* Stubs.swift */; };
/* End PBXBuildFile section */

/* Begin PBXContainerItemProxy section */
		4FD39BCD2759BFD0006D5ED5 /* PBXContainerItemProxy */ = {
			isa = PBXContainerItemProxy;
			containerPortal = 4FD39BAD2759BFCF006D5ED5 /* Project object */;
			proxyType = 1;
			remoteGlobalIDString = 4FD39BB42759BFCF006D5ED5;
			remoteInfo = "biosim4-swift";
		};
		4FD39BD72759BFD0006D5ED5 /* PBXContainerItemProxy */ = {
			isa = PBXContainerItemProxy;
			containerPortal = 4FD39BAD2759BFCF006D5ED5 /* Project object */;
			proxyType = 1;
			remoteGlobalIDString = 4FD39BB42759BFCF006D5ED5;
			remoteInfo = "biosim4-swift";
		};
/* End PBXContainerItemProxy section */

/* Begin PBXFileReference section */
		4F05072C276CDDDF002D5536 /* SpawnNewGeneration.swift */ = {isa = PBXFileReference; lastKnownFileType = sourcecode.swift; path = SpawnNewGeneration.swift; sourceTree = "<group>"; };
		4F05072E276CE1D4002D5536 /* EndOfGeneration.swift */ = {isa = PBXFileReference; lastKnownFileType = sourcecode.swift; path = EndOfGeneration.swift; sourceTree = "<group>"; };
		4F050730276CE200002D5536 /* EndOfSimStep.swift */ = {isa = PBXFileReference; lastKnownFileType = sourcecode.swift; path = EndOfSimStep.swift; sourceTree = "<group>"; };
		4F050732276CE300002D5536 /* FeedForward.swift */ = {isa = PBXFileReference; lastKnownFileType = sourcecode.swift; path = FeedForward.swift; sourceTree = "<group>"; };
		4F16F6DF2761AEC3008C7F50 /* Grid.swift */ = {isa = PBXFileReference; lastKnownFileType = sourcecode.swift; path = Grid.swift; sourceTree = "<group>"; };
		4F16F6E12764D209008C7F50 /* SensorsActions.swift */ = {isa = PBXFileReference; lastKnownFileType = sourcecode.swift; path = SensorsActions.swift; sourceTree = "<group>"; };
		4F1F8C0D2768D1A6003EC662 /* Peeps.swift */ = {isa = PBXFileReference; lastKnownFileType = sourcecode.swift; path = Peeps.swift; sourceTree = "<group>"; };
		4F297BBA276BFD7600B37A64 /* ExecuteActionsTests.swift */ = {isa = PBXFileReference; lastKnownFileType = sourcecode.swift; path = ExecuteActionsTests.swift; sourceTree = "<group>"; };
		4F945C5B276A2F5E00E1E4FF /* ExecuteActions.swift */ = {isa = PBXFileReference; lastKnownFileType = sourcecode.swift; path = ExecuteActions.swift; sourceTree = "<group>"; };
		4F945C5D276B72A000E1E4FF /* PeepsTests.swift */ = {isa = PBXFileReference; lastKnownFileType = sourcecode.swift; path = PeepsTests.swift; sourceTree = "<group>"; };
		4FB168272766F1B00048E6EB /* Genome.swift */ = {isa = PBXFileReference; lastKnownFileType = sourcecode.swift; path = Genome.swift; sourceTree = "<group>"; };
		4FB16829276790760048E6EB /* Indiv.swift */ = {isa = PBXFileReference; lastKnownFileType = sourcecode.swift; path = Indiv.swift; sourceTree = "<group>"; };
		4FB1682B276791E00048E6EB /* Simulator.swift */ = {isa = PBXFileReference; lastKnownFileType = sourcecode.swift; path = Simulator.swift; sourceTree = "<group>"; };
		4FB1682D276794D30048E6EB /* Params.swift */ = {isa = PBXFileReference; lastKnownFileType = sourcecode.swift; path = Params.swift; sourceTree = "<group>"; };
		4FD39BB52759BFCF006D5ED5 /* biosim4-swift.app */ = {isa = PBXFileReference; explicitFileType = wrapper.application; includeInIndex = 0; path = "biosim4-swift.app"; sourceTree = BUILT_PRODUCTS_DIR; };
		4FD39BB82759BFCF006D5ED5 /* AppDelegate.swift */ = {isa = PBXFileReference; lastKnownFileType = sourcecode.swift; path = AppDelegate.swift; sourceTree = "<group>"; };
		4FD39BBA2759BFCF006D5ED5 /* GameScene.sks */ = {isa = PBXFileReference; lastKnownFileType = file.sks; path = GameScene.sks; sourceTree = "<group>"; };
		4FD39BBC2759BFCF006D5ED5 /* Actions.sks */ = {isa = PBXFileReference; lastKnownFileType = file.sks; path = Actions.sks; sourceTree = "<group>"; };
		4FD39BBE2759BFCF006D5ED5 /* GameScene.swift */ = {isa = PBXFileReference; lastKnownFileType = sourcecode.swift; path = GameScene.swift; sourceTree = "<group>"; };
		4FD39BC02759BFCF006D5ED5 /* ViewController.swift */ = {isa = PBXFileReference; lastKnownFileType = sourcecode.swift; path = ViewController.swift; sourceTree = "<group>"; };
		4FD39BC22759BFD0006D5ED5 /* Assets.xcassets */ = {isa = PBXFileReference; lastKnownFileType = folder.assetcatalog; path = Assets.xcassets; sourceTree = "<group>"; };
		4FD39BC52759BFD0006D5ED5 /* Base */ = {isa = PBXFileReference; lastKnownFileType = file.storyboard; name = Base; path = Base.lproj/Main.storyboard; sourceTree = "<group>"; };
		4FD39BC72759BFD0006D5ED5 /* biosim4_swift.entitlements */ = {isa = PBXFileReference; lastKnownFileType = text.plist.entitlements; path = biosim4_swift.entitlements; sourceTree = "<group>"; };
		4FD39BCC2759BFD0006D5ED5 /* biosim4-swiftTests.xctest */ = {isa = PBXFileReference; explicitFileType = wrapper.cfbundle; includeInIndex = 0; path = "biosim4-swiftTests.xctest"; sourceTree = BUILT_PRODUCTS_DIR; };
		4FD39BD62759BFD0006D5ED5 /* biosim4-swiftUITests.xctest */ = {isa = PBXFileReference; explicitFileType = wrapper.cfbundle; includeInIndex = 0; path = "biosim4-swiftUITests.xctest"; sourceTree = BUILT_PRODUCTS_DIR; };
		4FD39BDA2759BFD0006D5ED5 /* biosim4_swiftUITests.swift */ = {isa = PBXFileReference; lastKnownFileType = sourcecode.swift; path = biosim4_swiftUITests.swift; sourceTree = "<group>"; };
		4FD39BDC2759BFD0006D5ED5 /* biosim4_swiftUITestsLaunchTests.swift */ = {isa = PBXFileReference; lastKnownFileType = sourcecode.swift; path = biosim4_swiftUITestsLaunchTests.swift; sourceTree = "<group>"; };
		4FD39BEB2759C10A006D5ED5 /* Polar.swift */ = {isa = PBXFileReference; lastKnownFileType = sourcecode.swift; path = Polar.swift; sourceTree = "<group>"; };
		4FD39BED2759C111006D5ED5 /* Compass.swift */ = {isa = PBXFileReference; lastKnownFileType = sourcecode.swift; path = Compass.swift; sourceTree = "<group>"; };
		4FD39BEF2759C115006D5ED5 /* Coord.swift */ = {isa = PBXFileReference; lastKnownFileType = sourcecode.swift; path = Coord.swift; sourceTree = "<group>"; };
		4FD39BF12759C5AE006D5ED5 /* Dir.swift */ = {isa = PBXFileReference; lastKnownFileType = sourcecode.swift; path = Dir.swift; sourceTree = "<group>"; };
		4FD39BF32759CFCC006D5ED5 /* PolarTests.swift */ = {isa = PBXFileReference; lastKnownFileType = sourcecode.swift; path = PolarTests.swift; sourceTree = "<group>"; };
		4FD39BF52759CFD3006D5ED5 /* CoordTests.swift */ = {isa = PBXFileReference; lastKnownFileType = sourcecode.swift; path = CoordTests.swift; sourceTree = "<group>"; };
		4FD39BF72759CFDC006D5ED5 /* DirTests.swift */ = {isa = PBXFileReference; lastKnownFileType = sourcecode.swift; path = DirTests.swift; sourceTree = "<group>"; };
		4FED1C79276B7D5C004B5B90 /* Stubs.swift */ = {isa = PBXFileReference; lastKnownFileType = sourcecode.swift; path = Stubs.swift; sourceTree = "<group>"; };
/* End PBXFileReference section */

/* Begin PBXFrameworksBuildPhase section */
		4FD39BB22759BFCF006D5ED5 /* Frameworks */ = {
			isa = PBXFrameworksBuildPhase;
			buildActionMask = 2147483647;
			files = (
			);
			runOnlyForDeploymentPostprocessing = 0;
		};
		4FD39BC92759BFD0006D5ED5 /* Frameworks */ = {
			isa = PBXFrameworksBuildPhase;
			buildActionMask = 2147483647;
			files = (
			);
			runOnlyForDeploymentPostprocessing = 0;
		};
		4FD39BD32759BFD0006D5ED5 /* Frameworks */ = {
			isa = PBXFrameworksBuildPhase;
			buildActionMask = 2147483647;
			files = (
			);
			runOnlyForDeploymentPostprocessing = 0;
		};
/* End PBXFrameworksBuildPhase section */

/* Begin PBXGroup section */
		4FD39BAC2759BFCF006D5ED5 = {
			isa = PBXGroup;
			children = (
				4FD39BB72759BFCF006D5ED5 /* biosim4-swift */,
				4FD39BCF2759BFD0006D5ED5 /* biosim4-swiftTests */,
				4FD39BD92759BFD0006D5ED5 /* biosim4-swiftUITests */,
				4FD39BB62759BFCF006D5ED5 /* Products */,
			);
			sourceTree = "<group>";
		};
		4FD39BB62759BFCF006D5ED5 /* Products */ = {
			isa = PBXGroup;
			children = (
				4FD39BB52759BFCF006D5ED5 /* biosim4-swift.app */,
				4FD39BCC2759BFD0006D5ED5 /* biosim4-swiftTests.xctest */,
				4FD39BD62759BFD0006D5ED5 /* biosim4-swiftUITests.xctest */,
			);
			name = Products;
			sourceTree = "<group>";
		};
		4FD39BB72759BFCF006D5ED5 /* biosim4-swift */ = {
			isa = PBXGroup;
			children = (
				4FD39BEA2759C0FD006D5ED5 /* Basic Types */,
				4FD39BB82759BFCF006D5ED5 /* AppDelegate.swift */,
				4FD39BBA2759BFCF006D5ED5 /* GameScene.sks */,
				4FD39BBC2759BFCF006D5ED5 /* Actions.sks */,
				4FD39BBE2759BFCF006D5ED5 /* GameScene.swift */,
				4FD39BC02759BFCF006D5ED5 /* ViewController.swift */,
				4FD39BC22759BFD0006D5ED5 /* Assets.xcassets */,
				4FD39BC42759BFD0006D5ED5 /* Main.storyboard */,
				4FD39BC72759BFD0006D5ED5 /* biosim4_swift.entitlements */,
				4F16F6DF2761AEC3008C7F50 /* Grid.swift */,
				4F16F6E12764D209008C7F50 /* SensorsActions.swift */,
				4FB168272766F1B00048E6EB /* Genome.swift */,
				4FB16829276790760048E6EB /* Indiv.swift */,
				4FB1682B276791E00048E6EB /* Simulator.swift */,
				4FB1682D276794D30048E6EB /* Params.swift */,
				4F1F8C0D2768D1A6003EC662 /* Peeps.swift */,
				4F945C5B276A2F5E00E1E4FF /* ExecuteActions.swift */,
				4F05072C276CDDDF002D5536 /* SpawnNewGeneration.swift */,
				4F05072E276CE1D4002D5536 /* EndOfGeneration.swift */,
				4F050730276CE200002D5536 /* EndOfSimStep.swift */,
				4F050732276CE300002D5536 /* FeedForward.swift */,
			);
			path = "biosim4-swift";
			sourceTree = "<group>";
		};
		4FD39BCF2759BFD0006D5ED5 /* biosim4-swiftTests */ = {
			isa = PBXGroup;
			children = (
				4FD39BF32759CFCC006D5ED5 /* PolarTests.swift */,
				4FD39BF52759CFD3006D5ED5 /* CoordTests.swift */,
				4FD39BF72759CFDC006D5ED5 /* DirTests.swift */,
				4F945C5D276B72A000E1E4FF /* PeepsTests.swift */,
				4FED1C79276B7D5C004B5B90 /* Stubs.swift */,
				4F297BBA276BFD7600B37A64 /* ExecuteActionsTests.swift */,
			);
			path = "biosim4-swiftTests";
			sourceTree = "<group>";
		};
		4FD39BD92759BFD0006D5ED5 /* biosim4-swiftUITests */ = {
			isa = PBXGroup;
			children = (
				4FD39BDA2759BFD0006D5ED5 /* biosim4_swiftUITests.swift */,
				4FD39BDC2759BFD0006D5ED5 /* biosim4_swiftUITestsLaunchTests.swift */,
			);
			path = "biosim4-swiftUITests";
			sourceTree = "<group>";
		};
		4FD39BEA2759C0FD006D5ED5 /* Basic Types */ = {
			isa = PBXGroup;
			children = (
				4FD39BEB2759C10A006D5ED5 /* Polar.swift */,
				4FD39BED2759C111006D5ED5 /* Compass.swift */,
				4FD39BEF2759C115006D5ED5 /* Coord.swift */,
				4FD39BF12759C5AE006D5ED5 /* Dir.swift */,
			);
			name = "Basic Types";
			sourceTree = "<group>";
		};
/* End PBXGroup section */

/* Begin PBXNativeTarget section */
		4FD39BB42759BFCF006D5ED5 /* biosim4-swift */ = {
			isa = PBXNativeTarget;
			buildConfigurationList = 4FD39BE02759BFD0006D5ED5 /* Build configuration list for PBXNativeTarget "biosim4-swift" */;
			buildPhases = (
				4FD39BB12759BFCF006D5ED5 /* Sources */,
				4FD39BB22759BFCF006D5ED5 /* Frameworks */,
				4FD39BB32759BFCF006D5ED5 /* Resources */,
			);
			buildRules = (
			);
			dependencies = (
			);
			name = "biosim4-swift";
			productName = "biosim4-swift";
			productReference = 4FD39BB52759BFCF006D5ED5 /* biosim4-swift.app */;
			productType = "com.apple.product-type.application";
		};
		4FD39BCB2759BFD0006D5ED5 /* biosim4-swiftTests */ = {
			isa = PBXNativeTarget;
			buildConfigurationList = 4FD39BE32759BFD0006D5ED5 /* Build configuration list for PBXNativeTarget "biosim4-swiftTests" */;
			buildPhases = (
				4FD39BC82759BFD0006D5ED5 /* Sources */,
				4FD39BC92759BFD0006D5ED5 /* Frameworks */,
				4FD39BCA2759BFD0006D5ED5 /* Resources */,
			);
			buildRules = (
			);
			dependencies = (
				4FD39BCE2759BFD0006D5ED5 /* PBXTargetDependency */,
			);
			name = "biosim4-swiftTests";
			productName = "biosim4-swiftTests";
			productReference = 4FD39BCC2759BFD0006D5ED5 /* biosim4-swiftTests.xctest */;
			productType = "com.apple.product-type.bundle.unit-test";
		};
		4FD39BD52759BFD0006D5ED5 /* biosim4-swiftUITests */ = {
			isa = PBXNativeTarget;
			buildConfigurationList = 4FD39BE62759BFD0006D5ED5 /* Build configuration list for PBXNativeTarget "biosim4-swiftUITests" */;
			buildPhases = (
				4FD39BD22759BFD0006D5ED5 /* Sources */,
				4FD39BD32759BFD0006D5ED5 /* Frameworks */,
				4FD39BD42759BFD0006D5ED5 /* Resources */,
			);
			buildRules = (
			);
			dependencies = (
				4FD39BD82759BFD0006D5ED5 /* PBXTargetDependency */,
			);
			name = "biosim4-swiftUITests";
			productName = "biosim4-swiftUITests";
			productReference = 4FD39BD62759BFD0006D5ED5 /* biosim4-swiftUITests.xctest */;
			productType = "com.apple.product-type.bundle.ui-testing";
		};
/* End PBXNativeTarget section */

/* Begin PBXProject section */
		4FD39BAD2759BFCF006D5ED5 /* Project object */ = {
			isa = PBXProject;
			attributes = {
				BuildIndependentTargetsInParallel = 1;
				LastSwiftUpdateCheck = 1310;
				LastUpgradeCheck = 1320;
				TargetAttributes = {
					4FD39BB42759BFCF006D5ED5 = {
						CreatedOnToolsVersion = 13.1;
					};
					4FD39BCB2759BFD0006D5ED5 = {
						CreatedOnToolsVersion = 13.1;
						TestTargetID = 4FD39BB42759BFCF006D5ED5;
					};
					4FD39BD52759BFD0006D5ED5 = {
						CreatedOnToolsVersion = 13.1;
						TestTargetID = 4FD39BB42759BFCF006D5ED5;
					};
				};
			};
			buildConfigurationList = 4FD39BB02759BFCF006D5ED5 /* Build configuration list for PBXProject "biosim4-swift" */;
			compatibilityVersion = "Xcode 13.0";
			developmentRegion = en;
			hasScannedForEncodings = 0;
			knownRegions = (
				en,
				Base,
			);
			mainGroup = 4FD39BAC2759BFCF006D5ED5;
			productRefGroup = 4FD39BB62759BFCF006D5ED5 /* Products */;
			projectDirPath = "";
			projectRoot = "";
			targets = (
				4FD39BB42759BFCF006D5ED5 /* biosim4-swift */,
				4FD39BCB2759BFD0006D5ED5 /* biosim4-swiftTests */,
				4FD39BD52759BFD0006D5ED5 /* biosim4-swiftUITests */,
			);
		};
/* End PBXProject section */

/* Begin PBXResourcesBuildPhase section */
		4FD39BB32759BFCF006D5ED5 /* Resources */ = {
			isa = PBXResourcesBuildPhase;
			buildActionMask = 2147483647;
			files = (
				4FD39BBB2759BFCF006D5ED5 /* GameScene.sks in Resources */,
				4FD39BC32759BFD0006D5ED5 /* Assets.xcassets in Resources */,
				4FD39BBD2759BFCF006D5ED5 /* Actions.sks in Resources */,
				4FD39BC62759BFD0006D5ED5 /* Main.storyboard in Resources */,
			);
			runOnlyForDeploymentPostprocessing = 0;
		};
		4FD39BCA2759BFD0006D5ED5 /* Resources */ = {
			isa = PBXResourcesBuildPhase;
			buildActionMask = 2147483647;
			files = (
			);
			runOnlyForDeploymentPostprocessing = 0;
		};
		4FD39BD42759BFD0006D5ED5 /* Resources */ = {
			isa = PBXResourcesBuildPhase;
			buildActionMask = 2147483647;
			files = (
			);
			runOnlyForDeploymentPostprocessing = 0;
		};
/* End PBXResourcesBuildPhase section */

/* Begin PBXSourcesBuildPhase section */
		4FD39BB12759BFCF006D5ED5 /* Sources */ = {
			isa = PBXSourcesBuildPhase;
			buildActionMask = 2147483647;
			files = (
				4FD39BEE2759C111006D5ED5 /* Compass.swift in Sources */,
				4FD39BEC2759C10A006D5ED5 /* Polar.swift in Sources */,
				4F050731276CE200002D5536 /* EndOfSimStep.swift in Sources */,
				4F05072D276CDDDF002D5536 /* SpawnNewGeneration.swift in Sources */,
				4FB1682C276791E00048E6EB /* Simulator.swift in Sources */,
				4F05072F276CE1D4002D5536 /* EndOfGeneration.swift in Sources */,
				4FB168282766F1B00048E6EB /* Genome.swift in Sources */,
				4FD39BC12759BFCF006D5ED5 /* ViewController.swift in Sources */,
				4F1F8C0E2768D1A6003EC662 /* Peeps.swift in Sources */,
				4F945C5C276A2F5E00E1E4FF /* ExecuteActions.swift in Sources */,
				4FB1682E276794D30048E6EB /* Params.swift in Sources */,
				4F16F6E02761AEC3008C7F50 /* Grid.swift in Sources */,
				4F16F6E22764D209008C7F50 /* SensorsActions.swift in Sources */,
				4FD39BF02759C115006D5ED5 /* Coord.swift in Sources */,
				4FD39BF22759C5AE006D5ED5 /* Dir.swift in Sources */,
				4F050733276CE300002D5536 /* FeedForward.swift in Sources */,
				4FD39BBF2759BFCF006D5ED5 /* GameScene.swift in Sources */,
				4FB1682A276790760048E6EB /* Indiv.swift in Sources */,
				4FD39BB92759BFCF006D5ED5 /* AppDelegate.swift in Sources */,
			);
			runOnlyForDeploymentPostprocessing = 0;
		};
		4FD39BC82759BFD0006D5ED5 /* Sources */ = {
			isa = PBXSourcesBuildPhase;
			buildActionMask = 2147483647;
			files = (
				4FD39BF62759CFD3006D5ED5 /* CoordTests.swift in Sources */,
				4FD39BF42759CFCC006D5ED5 /* PolarTests.swift in Sources */,
				4FD39BF82759CFDC006D5ED5 /* DirTests.swift in Sources */,
				4F297BBB276BFD7600B37A64 /* ExecuteActionsTests.swift in Sources */,
				4F945C5E276B72A000E1E4FF /* PeepsTests.swift in Sources */,
				4FED1C7A276B7D5C004B5B90 /* Stubs.swift in Sources */,
			);
			runOnlyForDeploymentPostprocessing = 0;
		};
		4FD39BD22759BFD0006D5ED5 /* Sources */ = {
			isa = PBXSourcesBuildPhase;
			buildActionMask = 2147483647;
			files = (
				4FD39BDD2759BFD0006D5ED5 /* biosim4_swiftUITestsLaunchTests.swift in Sources */,
				4FD39BDB2759BFD0006D5ED5 /* biosim4_swiftUITests.swift in Sources */,
			);
			runOnlyForDeploymentPostprocessing = 0;
		};
/* End PBXSourcesBuildPhase section */

/* Begin PBXTargetDependency section */
		4FD39BCE2759BFD0006D5ED5 /* PBXTargetDependency */ = {
			isa = PBXTargetDependency;
			target = 4FD39BB42759BFCF006D5ED5 /* biosim4-swift */;
			targetProxy = 4FD39BCD2759BFD0006D5ED5 /* PBXContainerItemProxy */;
		};
		4FD39BD82759BFD0006D5ED5 /* PBXTargetDependency */ = {
			isa = PBXTargetDependency;
			target = 4FD39BB42759BFCF006D5ED5 /* biosim4-swift */;
			targetProxy = 4FD39BD72759BFD0006D5ED5 /* PBXContainerItemProxy */;
		};
/* End PBXTargetDependency section */

/* Begin PBXVariantGroup section */
		4FD39BC42759BFD0006D5ED5 /* Main.storyboard */ = {
			isa = PBXVariantGroup;
			children = (
				4FD39BC52759BFD0006D5ED5 /* Base */,
			);
			name = Main.storyboard;
			sourceTree = "<group>";
		};
/* End PBXVariantGroup section */

/* Begin XCBuildConfiguration section */
		4FD39BDE2759BFD0006D5ED5 /* Debug */ = {
			isa = XCBuildConfiguration;
			buildSettings = {
				ALWAYS_SEARCH_USER_PATHS = NO;
				CLANG_ANALYZER_NONNULL = YES;
				CLANG_ANALYZER_NUMBER_OBJECT_CONVERSION = YES_AGGRESSIVE;
				CLANG_CXX_LANGUAGE_STANDARD = "gnu++17";
				CLANG_CXX_LIBRARY = "libc++";
				CLANG_ENABLE_MODULES = YES;
				CLANG_ENABLE_OBJC_ARC = YES;
				CLANG_ENABLE_OBJC_WEAK = YES;
				CLANG_WARN_BLOCK_CAPTURE_AUTORELEASING = YES;
				CLANG_WARN_BOOL_CONVERSION = YES;
				CLANG_WARN_COMMA = YES;
				CLANG_WARN_CONSTANT_CONVERSION = YES;
				CLANG_WARN_DEPRECATED_OBJC_IMPLEMENTATIONS = YES;
				CLANG_WARN_DIRECT_OBJC_ISA_USAGE = YES_ERROR;
				CLANG_WARN_DOCUMENTATION_COMMENTS = YES;
				CLANG_WARN_EMPTY_BODY = YES;
				CLANG_WARN_ENUM_CONVERSION = YES;
				CLANG_WARN_INFINITE_RECURSION = YES;
				CLANG_WARN_INT_CONVERSION = YES;
				CLANG_WARN_NON_LITERAL_NULL_CONVERSION = YES;
				CLANG_WARN_OBJC_IMPLICIT_RETAIN_SELF = YES;
				CLANG_WARN_OBJC_LITERAL_CONVERSION = YES;
				CLANG_WARN_OBJC_ROOT_CLASS = YES_ERROR;
				CLANG_WARN_QUOTED_INCLUDE_IN_FRAMEWORK_HEADER = YES;
				CLANG_WARN_RANGE_LOOP_ANALYSIS = YES;
				CLANG_WARN_STRICT_PROTOTYPES = YES;
				CLANG_WARN_SUSPICIOUS_MOVE = YES;
				CLANG_WARN_UNGUARDED_AVAILABILITY = YES_AGGRESSIVE;
				CLANG_WARN_UNREACHABLE_CODE = YES;
				CLANG_WARN__DUPLICATE_METHOD_MATCH = YES;
				COPY_PHASE_STRIP = NO;
				DEBUG_INFORMATION_FORMAT = dwarf;
				ENABLE_STRICT_OBJC_MSGSEND = YES;
				ENABLE_TESTABILITY = YES;
				GCC_C_LANGUAGE_STANDARD = gnu11;
				GCC_DYNAMIC_NO_PIC = NO;
				GCC_NO_COMMON_BLOCKS = YES;
				GCC_OPTIMIZATION_LEVEL = 0;
				GCC_PREPROCESSOR_DEFINITIONS = (
					"DEBUG=1",
					"$(inherited)",
				);
				GCC_WARN_64_TO_32_BIT_CONVERSION = YES;
				GCC_WARN_ABOUT_RETURN_TYPE = YES_ERROR;
				GCC_WARN_UNDECLARED_SELECTOR = YES;
				GCC_WARN_UNINITIALIZED_AUTOS = YES_AGGRESSIVE;
				GCC_WARN_UNUSED_FUNCTION = YES;
				GCC_WARN_UNUSED_VARIABLE = YES;
				MACOSX_DEPLOYMENT_TARGET = 11.6;
				MTL_ENABLE_DEBUG_INFO = INCLUDE_SOURCE;
				MTL_FAST_MATH = YES;
				ONLY_ACTIVE_ARCH = YES;
				SDKROOT = macosx;
				SWIFT_ACTIVE_COMPILATION_CONDITIONS = DEBUG;
				SWIFT_OPTIMIZATION_LEVEL = "-Onone";
			};
			name = Debug;
		};
		4FD39BDF2759BFD0006D5ED5 /* Release */ = {
			isa = XCBuildConfiguration;
			buildSettings = {
				ALWAYS_SEARCH_USER_PATHS = NO;
				CLANG_ANALYZER_NONNULL = YES;
				CLANG_ANALYZER_NUMBER_OBJECT_CONVERSION = YES_AGGRESSIVE;
				CLANG_CXX_LANGUAGE_STANDARD = "gnu++17";
				CLANG_CXX_LIBRARY = "libc++";
				CLANG_ENABLE_MODULES = YES;
				CLANG_ENABLE_OBJC_ARC = YES;
				CLANG_ENABLE_OBJC_WEAK = YES;
				CLANG_WARN_BLOCK_CAPTURE_AUTORELEASING = YES;
				CLANG_WARN_BOOL_CONVERSION = YES;
				CLANG_WARN_COMMA = YES;
				CLANG_WARN_CONSTANT_CONVERSION = YES;
				CLANG_WARN_DEPRECATED_OBJC_IMPLEMENTATIONS = YES;
				CLANG_WARN_DIRECT_OBJC_ISA_USAGE = YES_ERROR;
				CLANG_WARN_DOCUMENTATION_COMMENTS = YES;
				CLANG_WARN_EMPTY_BODY = YES;
				CLANG_WARN_ENUM_CONVERSION = YES;
				CLANG_WARN_INFINITE_RECURSION = YES;
				CLANG_WARN_INT_CONVERSION = YES;
				CLANG_WARN_NON_LITERAL_NULL_CONVERSION = YES;
				CLANG_WARN_OBJC_IMPLICIT_RETAIN_SELF = YES;
				CLANG_WARN_OBJC_LITERAL_CONVERSION = YES;
				CLANG_WARN_OBJC_ROOT_CLASS = YES_ERROR;
				CLANG_WARN_QUOTED_INCLUDE_IN_FRAMEWORK_HEADER = YES;
				CLANG_WARN_RANGE_LOOP_ANALYSIS = YES;
				CLANG_WARN_STRICT_PROTOTYPES = YES;
				CLANG_WARN_SUSPICIOUS_MOVE = YES;
				CLANG_WARN_UNGUARDED_AVAILABILITY = YES_AGGRESSIVE;
				CLANG_WARN_UNREACHABLE_CODE = YES;
				CLANG_WARN__DUPLICATE_METHOD_MATCH = YES;
				COPY_PHASE_STRIP = NO;
				DEBUG_INFORMATION_FORMAT = "dwarf-with-dsym";
				ENABLE_NS_ASSERTIONS = NO;
				ENABLE_STRICT_OBJC_MSGSEND = YES;
				GCC_C_LANGUAGE_STANDARD = gnu11;
				GCC_NO_COMMON_BLOCKS = YES;
				GCC_WARN_64_TO_32_BIT_CONVERSION = YES;
				GCC_WARN_ABOUT_RETURN_TYPE = YES_ERROR;
				GCC_WARN_UNDECLARED_SELECTOR = YES;
				GCC_WARN_UNINITIALIZED_AUTOS = YES_AGGRESSIVE;
				GCC_WARN_UNUSED_FUNCTION = YES;
				GCC_WARN_UNUSED_VARIABLE = YES;
				MACOSX_DEPLOYMENT_TARGET = 11.6;
				MTL_ENABLE_DEBUG_INFO = NO;
				MTL_FAST_MATH = YES;
				SDKROOT = macosx;
				SWIFT_COMPILATION_MODE = wholemodule;
				SWIFT_OPTIMIZATION_LEVEL = "-O";
			};
			name = Release;
		};
		4FD39BE12759BFD0006D5ED5 /* Debug */ = {
			isa = XCBuildConfiguration;
			buildSettings = {
				ASSETCATALOG_COMPILER_APPICON_NAME = AppIcon;
				ASSETCATALOG_COMPILER_GLOBAL_ACCENT_COLOR_NAME = AccentColor;
				CODE_SIGN_ENTITLEMENTS = "biosim4-swift/biosim4_swift.entitlements";
				CODE_SIGN_IDENTITY = "-";
				CODE_SIGN_STYLE = Automatic;
				COMBINE_HIDPI_IMAGES = YES;
				CURRENT_PROJECT_VERSION = 1;
				DEVELOPMENT_TEAM = P94YNTCBH3;
				GENERATE_INFOPLIST_FILE = YES;
				INFOPLIST_KEY_NSHumanReadableCopyright = "";
				INFOPLIST_KEY_NSMainStoryboardFile = Main;
				INFOPLIST_KEY_NSPrincipalClass = NSApplication;
				LD_RUNPATH_SEARCH_PATHS = (
					"$(inherited)",
					"@executable_path/../Frameworks",
				);
				MARKETING_VERSION = 1.0;
				PRODUCT_BUNDLE_IDENTIFIER = "com.noah.biosim4-swift";
				PRODUCT_NAME = "$(TARGET_NAME)";
				SWIFT_EMIT_LOC_STRINGS = YES;
				SWIFT_VERSION = 5.0;
			};
			name = Debug;
		};
		4FD39BE22759BFD0006D5ED5 /* Release */ = {
			isa = XCBuildConfiguration;
			buildSettings = {
				ASSETCATALOG_COMPILER_APPICON_NAME = AppIcon;
				ASSETCATALOG_COMPILER_GLOBAL_ACCENT_COLOR_NAME = AccentColor;
				CODE_SIGN_ENTITLEMENTS = "biosim4-swift/biosim4_swift.entitlements";
				CODE_SIGN_IDENTITY = "-";
				CODE_SIGN_STYLE = Automatic;
				COMBINE_HIDPI_IMAGES = YES;
				CURRENT_PROJECT_VERSION = 1;
				DEVELOPMENT_TEAM = P94YNTCBH3;
				GENERATE_INFOPLIST_FILE = YES;
				INFOPLIST_KEY_NSHumanReadableCopyright = "";
				INFOPLIST_KEY_NSMainStoryboardFile = Main;
				INFOPLIST_KEY_NSPrincipalClass = NSApplication;
				LD_RUNPATH_SEARCH_PATHS = (
					"$(inherited)",
					"@executable_path/../Frameworks",
				);
				MARKETING_VERSION = 1.0;
				PRODUCT_BUNDLE_IDENTIFIER = "com.noah.biosim4-swift";
				PRODUCT_NAME = "$(TARGET_NAME)";
				SWIFT_EMIT_LOC_STRINGS = YES;
				SWIFT_VERSION = 5.0;
			};
			name = Release;
		};
		4FD39BE42759BFD0006D5ED5 /* Debug */ = {
			isa = XCBuildConfiguration;
			buildSettings = {
				ALWAYS_EMBED_SWIFT_STANDARD_LIBRARIES = YES;
				BUNDLE_LOADER = "$(TEST_HOST)";
				CODE_SIGN_ENTITLEMENTS = "biosim4-swift/biosim4_swift.entitlements";
				CODE_SIGN_IDENTITY = "-";
				CODE_SIGN_STYLE = Automatic;
				COMBINE_HIDPI_IMAGES = YES;
				CURRENT_PROJECT_VERSION = 1;
				DEVELOPMENT_TEAM = P94YNTCBH3;
				GENERATE_INFOPLIST_FILE = YES;
				LD_RUNPATH_SEARCH_PATHS = (
					"$(inherited)",
					"@executable_path/../Frameworks",
					"@loader_path/../Frameworks",
				);
				MACOSX_DEPLOYMENT_TARGET = 11.6;
				MARKETING_VERSION = 1.0;
				PRODUCT_BUNDLE_IDENTIFIER = "com.noah.biosim4-swiftTests";
				PRODUCT_NAME = "$(TARGET_NAME)";
				SWIFT_EMIT_LOC_STRINGS = NO;
				SWIFT_VERSION = 5.0;
				TEST_HOST = "$(BUILT_PRODUCTS_DIR)/biosim4-swift.app/Contents/MacOS/biosim4-swift";
			};
			name = Debug;
		};
		4FD39BE52759BFD0006D5ED5 /* Release */ = {
			isa = XCBuildConfiguration;
			buildSettings = {
				ALWAYS_EMBED_SWIFT_STANDARD_LIBRARIES = YES;
				BUNDLE_LOADER = "$(TEST_HOST)";
				CODE_SIGN_ENTITLEMENTS = "biosim4-swift/biosim4_swift.entitlements";
				CODE_SIGN_IDENTITY = "-";
				CODE_SIGN_STYLE = Automatic;
				COMBINE_HIDPI_IMAGES = YES;
				CURRENT_PROJECT_VERSION = 1;
				DEVELOPMENT_TEAM = P94YNTCBH3;
				GENERATE_INFOPLIST_FILE = YES;
				LD_RUNPATH_SEARCH_PATHS = (
					"$(inherited)",
					"@executable_path/../Frameworks",
					"@loader_path/../Frameworks",
				);
				MACOSX_DEPLOYMENT_TARGET = 11.6;
				MARKETING_VERSION = 1.0;
				PRODUCT_BUNDLE_IDENTIFIER = "com.noah.biosim4-swiftTests";
				PRODUCT_NAME = "$(TARGET_NAME)";
				SWIFT_EMIT_LOC_STRINGS = NO;
				SWIFT_VERSION = 5.0;
				TEST_HOST = "$(BUILT_PRODUCTS_DIR)/biosim4-swift.app/Contents/MacOS/biosim4-swift";
			};
			name = Release;
		};
		4FD39BE72759BFD0006D5ED5 /* Debug */ = {
			isa = XCBuildConfiguration;
			buildSettings = {
				ALWAYS_EMBED_SWIFT_STANDARD_LIBRARIES = YES;
				CODE_SIGN_STYLE = Automatic;
				COMBINE_HIDPI_IMAGES = YES;
				CURRENT_PROJECT_VERSION = 1;
				DEVELOPMENT_TEAM = P94YNTCBH3;
				GENERATE_INFOPLIST_FILE = YES;
				LD_RUNPATH_SEARCH_PATHS = (
					"$(inherited)",
					"@executable_path/../Frameworks",
					"@loader_path/../Frameworks",
				);
				MARKETING_VERSION = 1.0;
				PRODUCT_BUNDLE_IDENTIFIER = "com.noah.biosim4-swiftUITests";
				PRODUCT_NAME = "$(TARGET_NAME)";
				SWIFT_EMIT_LOC_STRINGS = NO;
				SWIFT_VERSION = 5.0;
				TEST_TARGET_NAME = "biosim4-swift";
			};
			name = Debug;
		};
		4FD39BE82759BFD0006D5ED5 /* Release */ = {
			isa = XCBuildConfiguration;
			buildSettings = {
				ALWAYS_EMBED_SWIFT_STANDARD_LIBRARIES = YES;
				CODE_SIGN_STYLE = Automatic;
				COMBINE_HIDPI_IMAGES = YES;
				CURRENT_PROJECT_VERSION = 1;
				DEVELOPMENT_TEAM = P94YNTCBH3;
				GENERATE_INFOPLIST_FILE = YES;
				LD_RUNPATH_SEARCH_PATHS = (
					"$(inherited)",
					"@executable_path/../Frameworks",
					"@loader_path/../Frameworks",
				);
				MARKETING_VERSION = 1.0;
				PRODUCT_BUNDLE_IDENTIFIER = "com.noah.biosim4-swiftUITests";
				PRODUCT_NAME = "$(TARGET_NAME)";
				SWIFT_EMIT_LOC_STRINGS = NO;
				SWIFT_VERSION = 5.0;
				TEST_TARGET_NAME = "biosim4-swift";
			};
			name = Release;
		};
/* End XCBuildConfiguration section */

/* Begin XCConfigurationList section */
		4FD39BB02759BFCF006D5ED5 /* Build configuration list for PBXProject "biosim4-swift" */ = {
			isa = XCConfigurationList;
			buildConfigurations = (
				4FD39BDE2759BFD0006D5ED5 /* Debug */,
				4FD39BDF2759BFD0006D5ED5 /* Release */,
			);
			defaultConfigurationIsVisible = 0;
			defaultConfigurationName = Release;
		};
		4FD39BE02759BFD0006D5ED5 /* Build configuration list for PBXNativeTarget "biosim4-swift" */ = {
			isa = XCConfigurationList;
			buildConfigurations = (
				4FD39BE12759BFD0006D5ED5 /* Debug */,
				4FD39BE22759BFD0006D5ED5 /* Release */,
			);
			defaultConfigurationIsVisible = 0;
			defaultConfigurationName = Release;
		};
		4FD39BE32759BFD0006D5ED5 /* Build configuration list for PBXNativeTarget "biosim4-swiftTests" */ = {
			isa = XCConfigurationList;
			buildConfigurations = (
				4FD39BE42759BFD0006D5ED5 /* Debug */,
				4FD39BE52759BFD0006D5ED5 /* Release */,
			);
			defaultConfigurationIsVisible = 0;
			defaultConfigurationName = Release;
		};
		4FD39BE62759BFD0006D5ED5 /* Build configuration list for PBXNativeTarget "biosim4-swiftUITests" */ = {
			isa = XCConfigurationList;
			buildConfigurations = (
				4FD39BE72759BFD0006D5ED5 /* Debug */,
				4FD39BE82759BFD0006D5ED5 /* Release */,
			);
			defaultConfigurationIsVisible = 0;
			defaultConfigurationName = Release;
		};
/* End XCConfigurationList section */
	};
	rootObject = 4FD39BAD2759BFCF006D5ED5 /* Project object */;
}
