// !$*UTF8*$!
{
	archiveVersion = 1;
	classes = {
	};
	objectVersion = 55;
	objects = {

/* Begin PBXBuildFile section */
		4F6282102775855E00F31936 /* domain in Frameworks */ = {isa = PBXBuildFile; productRef = 4F62820F2775855E00F31936 /* domain */; };
		4F7CE520278E828F0056D4E5 /* App.swift in Sources */ = {isa = PBXBuildFile; fileRef = 4F7CE51F278E828F0056D4E5 /* App.swift */; };
		4F7CE53D278E843C0056D4E5 /* AppContainer.swift in Sources */ = {isa = PBXBuildFile; fileRef = 4F7CE53C278E843C0056D4E5 /* AppContainer.swift */; };
		4F870F4C28DC9F5F00E02A59 /* BindingExtensions.swift in Sources */ = {isa = PBXBuildFile; fileRef = 4F870F4B28DC9F5F00E02A59 /* BindingExtensions.swift */; };
		4F951D3F28DC77C300DD84C2 /* ParameterFormView.swift in Sources */ = {isa = PBXBuildFile; fileRef = 4F951D3E28DC77C300DD84C2 /* ParameterFormView.swift */; };
		4FBB958C28E1B89E00823D6C /* TextFieldStepper.swift in Sources */ = {isa = PBXBuildFile; fileRef = 4FBB958B28E1B89E00823D6C /* TextFieldStepper.swift */; };
		4FD39BBF2759BFCF006D5ED5 /* SimulatorScene.swift in Sources */ = {isa = PBXBuildFile; fileRef = 4FD39BBE2759BFCF006D5ED5 /* SimulatorScene.swift */; };
		4FD39BC32759BFD0006D5ED5 /* Assets.xcassets in Resources */ = {isa = PBXBuildFile; fileRef = 4FD39BC22759BFD0006D5ED5 /* Assets.xcassets */; };
		4FD39BDB2759BFD0006D5ED5 /* swift_growth_swiftUITests.swift in Sources */ = {isa = PBXBuildFile; fileRef = 4FD39BDA2759BFD0006D5ED5 /* swift_growth_swiftUITests.swift */; };
		4FD39BDD2759BFD0006D5ED5 /* swift_growth_swiftUITestsLaunchTests.swift in Sources */ = {isa = PBXBuildFile; fileRef = 4FD39BDC2759BFD0006D5ED5 /* swift_growth_swiftUITestsLaunchTests.swift */; };
/* End PBXBuildFile section */

/* Begin PBXContainerItemProxy section */
		4FD39BCD2759BFD0006D5ED5 /* PBXContainerItemProxy */ = {
			isa = PBXContainerItemProxy;
			containerPortal = 4FD39BAD2759BFCF006D5ED5 /* Project object */;
			proxyType = 1;
			remoteGlobalIDString = 4FD39BB42759BFCF006D5ED5;
			remoteInfo = "biosim4-swift";
		};
		4FD39BD72759BFD0006D5ED5 /* PBXContainerItemProxy */ = {
			isa = PBXContainerItemProxy;
			containerPortal = 4FD39BAD2759BFCF006D5ED5 /* Project object */;
			proxyType = 1;
			remoteGlobalIDString = 4FD39BB42759BFCF006D5ED5;
			remoteInfo = "biosim4-swift";
		};
/* End PBXContainerItemProxy section */

/* Begin PBXFileReference section */
		4F62820927757AA500F31936 /* domain */ = {isa = PBXFileReference; lastKnownFileType = text; path = domain; sourceTree = SOURCE_ROOT; };
		4F7CE51F278E828F0056D4E5 /* App.swift */ = {isa = PBXFileReference; lastKnownFileType = sourcecode.swift; path = App.swift; sourceTree = "<group>"; };
		4F7CE53C278E843C0056D4E5 /* AppContainer.swift */ = {isa = PBXFileReference; lastKnownFileType = sourcecode.swift; path = AppContainer.swift; sourceTree = "<group>"; };
		4F870F4B28DC9F5F00E02A59 /* BindingExtensions.swift */ = {isa = PBXFileReference; lastKnownFileType = sourcecode.swift; path = BindingExtensions.swift; sourceTree = "<group>"; };
		4F951D3E28DC77C300DD84C2 /* ParameterFormView.swift */ = {isa = PBXFileReference; lastKnownFileType = sourcecode.swift; path = ParameterFormView.swift; sourceTree = "<group>"; };
		4FBB958B28E1B89E00823D6C /* TextFieldStepper.swift */ = {isa = PBXFileReference; lastKnownFileType = sourcecode.swift; path = TextFieldStepper.swift; sourceTree = "<group>"; };
		4FD39BB52759BFCF006D5ED5 /* swift-growth.app */ = {isa = PBXFileReference; explicitFileType = wrapper.application; includeInIndex = 0; path = "swift-growth.app"; sourceTree = BUILT_PRODUCTS_DIR; };
		4FD39BBE2759BFCF006D5ED5 /* SimulatorScene.swift */ = {isa = PBXFileReference; lastKnownFileType = sourcecode.swift; path = SimulatorScene.swift; sourceTree = "<group>"; };
		4FD39BC22759BFD0006D5ED5 /* Assets.xcassets */ = {isa = PBXFileReference; lastKnownFileType = folder.assetcatalog; path = Assets.xcassets; sourceTree = "<group>"; };
		4FD39BC72759BFD0006D5ED5 /* swift-growth.entitlements */ = {isa = PBXFileReference; lastKnownFileType = text.plist.entitlements; path = "swift-growth.entitlements"; sourceTree = "<group>"; };
		4FD39BCC2759BFD0006D5ED5 /* swift-growthTests.xctest */ = {isa = PBXFileReference; explicitFileType = wrapper.cfbundle; includeInIndex = 0; path = "swift-growthTests.xctest"; sourceTree = BUILT_PRODUCTS_DIR; };
		4FD39BD62759BFD0006D5ED5 /* swift-growthUITests.xctest */ = {isa = PBXFileReference; explicitFileType = wrapper.cfbundle; includeInIndex = 0; path = "swift-growthUITests.xctest"; sourceTree = BUILT_PRODUCTS_DIR; };
		4FD39BDA2759BFD0006D5ED5 /* swift_growth_swiftUITests.swift */ = {isa = PBXFileReference; lastKnownFileType = sourcecode.swift; path = swift_growth_swiftUITests.swift; sourceTree = "<group>"; };
		4FD39BDC2759BFD0006D5ED5 /* swift_growth_swiftUITestsLaunchTests.swift */ = {isa = PBXFileReference; lastKnownFileType = sourcecode.swift; path = swift_growth_swiftUITestsLaunchTests.swift; sourceTree = "<group>"; };
/* End PBXFileReference section */

/* Begin PBXFrameworksBuildPhase section */
		4FD39BB22759BFCF006D5ED5 /* Frameworks */ = {
			isa = PBXFrameworksBuildPhase;
			buildActionMask = 2147483647;
			files = (
				4F6282102775855E00F31936 /* domain in Frameworks */,
			);
			runOnlyForDeploymentPostprocessing = 0;
		};
		4FD39BC92759BFD0006D5ED5 /* Frameworks */ = {
			isa = PBXFrameworksBuildPhase;
			buildActionMask = 2147483647;
			files = (
			);
			runOnlyForDeploymentPostprocessing = 0;
		};
		4FD39BD32759BFD0006D5ED5 /* Frameworks */ = {
			isa = PBXFrameworksBuildPhase;
			buildActionMask = 2147483647;
			files = (
			);
			runOnlyForDeploymentPostprocessing = 0;
		};
/* End PBXFrameworksBuildPhase section */

/* Begin PBXGroup section */
		4F62820E2775855E00F31936 /* Frameworks */ = {
			isa = PBXGroup;
			children = (
			);
			name = Frameworks;
			sourceTree = "<group>";
		};
		4F870F4A28DC9F5400E02A59 /* Extensions */ = {
			isa = PBXGroup;
			children = (
				4F870F4B28DC9F5F00E02A59 /* BindingExtensions.swift */,
			);
			path = Extensions;
			sourceTree = "<group>";
		};
		4FBB958A28E1B88600823D6C /* Components */ = {
			isa = PBXGroup;
			children = (
				4FBB958B28E1B89E00823D6C /* TextFieldStepper.swift */,
			);
			path = Components;
			sourceTree = "<group>";
		};
		4FD39BAC2759BFCF006D5ED5 = {
			isa = PBXGroup;
			children = (
				4FD39BB72759BFCF006D5ED5 /* swift-growth */,
				4FD39BCF2759BFD0006D5ED5 /* swift-growth-swiftTests */,
				4FD39BD92759BFD0006D5ED5 /* swift-growth-swiftUITests */,
				4FD39BB62759BFCF006D5ED5 /* Products */,
				4F62820E2775855E00F31936 /* Frameworks */,
			);
			sourceTree = "<group>";
		};
		4FD39BB62759BFCF006D5ED5 /* Products */ = {
			isa = PBXGroup;
			children = (
				4FD39BB52759BFCF006D5ED5 /* swift-growth.app */,
				4FD39BCC2759BFD0006D5ED5 /* swift-growthTests.xctest */,
				4FD39BD62759BFD0006D5ED5 /* swift-growthUITests.xctest */,
			);
			name = Products;
			sourceTree = "<group>";
		};
		4FD39BB72759BFCF006D5ED5 /* swift-growth */ = {
			isa = PBXGroup;
			children = (
				4FBB958A28E1B88600823D6C /* Components */,
				4F870F4A28DC9F5400E02A59 /* Extensions */,
				4F62820927757AA500F31936 /* domain */,
				4F7CE51F278E828F0056D4E5 /* App.swift */,
				4F7CE53C278E843C0056D4E5 /* AppContainer.swift */,
				4F951D3E28DC77C300DD84C2 /* ParameterFormView.swift */,
				4FD39BBE2759BFCF006D5ED5 /* SimulatorScene.swift */,
				4FD39BC22759BFD0006D5ED5 /* Assets.xcassets */,
				4FD39BC72759BFD0006D5ED5 /* swift-growth.entitlements */,
			);
			path = "swift-growth";
			sourceTree = "<group>";
		};
		4FD39BCF2759BFD0006D5ED5 /* swift-growth-swiftTests */ = {
			isa = PBXGroup;
			children = (
			);
			path = "swift-growth-swiftTests";
			sourceTree = "<group>";
		};
		4FD39BD92759BFD0006D5ED5 /* swift-growth-swiftUITests */ = {
			isa = PBXGroup;
			children = (
				4FD39BDA2759BFD0006D5ED5 /* swift_growth_swiftUITests.swift */,
				4FD39BDC2759BFD0006D5ED5 /* swift_growth_swiftUITestsLaunchTests.swift */,
			);
			path = "swift-growth-swiftUITests";
			sourceTree = "<group>";
		};
/* End PBXGroup section */

/* Begin PBXNativeTarget section */
		4FD39BB42759BFCF006D5ED5 /* swift-growth */ = {
			isa = PBXNativeTarget;
			buildConfigurationList = 4FD39BE02759BFD0006D5ED5 /* Build configuration list for PBXNativeTarget "swift-growth" */;
			buildPhases = (
				4FD39BB12759BFCF006D5ED5 /* Sources */,
				4FD39BB22759BFCF006D5ED5 /* Frameworks */,
				4FD39BB32759BFCF006D5ED5 /* Resources */,
			);
			buildRules = (
			);
			dependencies = (
			);
			name = "swift-growth";
			packageProductDependencies = (
				4F62820F2775855E00F31936 /* domain */,
			);
			productName = "biosim4-swift";
			productReference = 4FD39BB52759BFCF006D5ED5 /* swift-growth.app */;
			productType = "com.apple.product-type.application";
		};
		4FD39BCB2759BFD0006D5ED5 /* swift-growthTests */ = {
			isa = PBXNativeTarget;
			buildConfigurationList = 4FD39BE32759BFD0006D5ED5 /* Build configuration list for PBXNativeTarget "swift-growthTests" */;
			buildPhases = (
				4FD39BC82759BFD0006D5ED5 /* Sources */,
				4FD39BC92759BFD0006D5ED5 /* Frameworks */,
				4FD39BCA2759BFD0006D5ED5 /* Resources */,
			);
			buildRules = (
			);
			dependencies = (
				4FD39BCE2759BFD0006D5ED5 /* PBXTargetDependency */,
			);
			name = "swift-growthTests";
			productName = "biosim4-swiftTests";
			productReference = 4FD39BCC2759BFD0006D5ED5 /* swift-growthTests.xctest */;
			productType = "com.apple.product-type.bundle.unit-test";
		};
		4FD39BD52759BFD0006D5ED5 /* swift-growthUITests */ = {
			isa = PBXNativeTarget;
			buildConfigurationList = 4FD39BE62759BFD0006D5ED5 /* Build configuration list for PBXNativeTarget "swift-growthUITests" */;
			buildPhases = (
				4FD39BD22759BFD0006D5ED5 /* Sources */,
				4FD39BD32759BFD0006D5ED5 /* Frameworks */,
				4FD39BD42759BFD0006D5ED5 /* Resources */,
			);
			buildRules = (
			);
			dependencies = (
				4FD39BD82759BFD0006D5ED5 /* PBXTargetDependency */,
			);
			name = "swift-growthUITests";
			productName = "biosim4-swiftUITests";
			productReference = 4FD39BD62759BFD0006D5ED5 /* swift-growthUITests.xctest */;
			productType = "com.apple.product-type.bundle.ui-testing";
		};
/* End PBXNativeTarget section */

/* Begin PBXProject section */
		4FD39BAD2759BFCF006D5ED5 /* Project object */ = {
			isa = PBXProject;
			attributes = {
				BuildIndependentTargetsInParallel = 1;
				LastSwiftUpdateCheck = 1310;
				LastUpgradeCheck = 1320;
				TargetAttributes = {
					4FD39BB42759BFCF006D5ED5 = {
						CreatedOnToolsVersion = 13.1;
					};
					4FD39BCB2759BFD0006D5ED5 = {
						CreatedOnToolsVersion = 13.1;
						TestTargetID = 4FD39BB42759BFCF006D5ED5;
					};
					4FD39BD52759BFD0006D5ED5 = {
						CreatedOnToolsVersion = 13.1;
						TestTargetID = 4FD39BB42759BFCF006D5ED5;
					};
				};
			};
			buildConfigurationList = 4FD39BB02759BFCF006D5ED5 /* Build configuration list for PBXProject "swift-growth" */;
			compatibilityVersion = "Xcode 13.0";
			developmentRegion = en;
			hasScannedForEncodings = 0;
			knownRegions = (
				en,
				Base,
			);
			mainGroup = 4FD39BAC2759BFCF006D5ED5;
			packageReferences = (
			);
			productRefGroup = 4FD39BB62759BFCF006D5ED5 /* Products */;
			projectDirPath = "";
			projectRoot = "";
			targets = (
				4FD39BB42759BFCF006D5ED5 /* swift-growth */,
				4FD39BCB2759BFD0006D5ED5 /* swift-growthTests */,
				4FD39BD52759BFD0006D5ED5 /* swift-growthUITests */,
			);
		};
/* End PBXProject section */

/* Begin PBXResourcesBuildPhase section */
		4FD39BB32759BFCF006D5ED5 /* Resources */ = {
			isa = PBXResourcesBuildPhase;
			buildActionMask = 2147483647;
			files = (
				4FD39BC32759BFD0006D5ED5 /* Assets.xcassets in Resources */,
			);
			runOnlyForDeploymentPostprocessing = 0;
		};
		4FD39BCA2759BFD0006D5ED5 /* Resources */ = {
			isa = PBXResourcesBuildPhase;
			buildActionMask = 2147483647;
			files = (
			);
			runOnlyForDeploymentPostprocessing = 0;
		};
		4FD39BD42759BFD0006D5ED5 /* Resources */ = {
			isa = PBXResourcesBuildPhase;
			buildActionMask = 2147483647;
			files = (
			);
			runOnlyForDeploymentPostprocessing = 0;
		};
/* End PBXResourcesBuildPhase section */

/* Begin PBXSourcesBuildPhase section */
		4FD39BB12759BFCF006D5ED5 /* Sources */ = {
			isa = PBXSourcesBuildPhase;
			buildActionMask = 2147483647;
			files = (
				4F7CE53D278E843C0056D4E5 /* AppContainer.swift in Sources */,
				4F7CE520278E828F0056D4E5 /* App.swift in Sources */,
				4FD39BBF2759BFCF006D5ED5 /* SimulatorScene.swift in Sources */,
				4FBB958C28E1B89E00823D6C /* TextFieldStepper.swift in Sources */,
				4F951D3F28DC77C300DD84C2 /* ParameterFormView.swift in Sources */,
				4F870F4C28DC9F5F00E02A59 /* BindingExtensions.swift in Sources */,
			);
			runOnlyForDeploymentPostprocessing = 0;
		};
		4FD39BC82759BFD0006D5ED5 /* Sources */ = {
			isa = PBXSourcesBuildPhase;
			buildActionMask = 2147483647;
			files = (
			);
			runOnlyForDeploymentPostprocessing = 0;
		};
		4FD39BD22759BFD0006D5ED5 /* Sources */ = {
			isa = PBXSourcesBuildPhase;
			buildActionMask = 2147483647;
			files = (
				4FD39BDD2759BFD0006D5ED5 /* swift_growth_swiftUITestsLaunchTests.swift in Sources */,
				4FD39BDB2759BFD0006D5ED5 /* swift_growth_swiftUITests.swift in Sources */,
			);
			runOnlyForDeploymentPostprocessing = 0;
		};
/* End PBXSourcesBuildPhase section */

/* Begin PBXTargetDependency section */
		4FD39BCE2759BFD0006D5ED5 /* PBXTargetDependency */ = {
			isa = PBXTargetDependency;
			target = 4FD39BB42759BFCF006D5ED5 /* swift-growth */;
			targetProxy = 4FD39BCD2759BFD0006D5ED5 /* PBXContainerItemProxy */;
		};
		4FD39BD82759BFD0006D5ED5 /* PBXTargetDependency */ = {
			isa = PBXTargetDependency;
			target = 4FD39BB42759BFCF006D5ED5 /* swift-growth */;
			targetProxy = 4FD39BD72759BFD0006D5ED5 /* PBXContainerItemProxy */;
		};
/* End PBXTargetDependency section */

/* Begin XCBuildConfiguration section */
		4FD39BDE2759BFD0006D5ED5 /* Debug */ = {
			isa = XCBuildConfiguration;
			buildSettings = {
				ALWAYS_SEARCH_USER_PATHS = NO;
				CLANG_ANALYZER_NONNULL = YES;
				CLANG_ANALYZER_NUMBER_OBJECT_CONVERSION = YES_AGGRESSIVE;
				CLANG_CXX_LANGUAGE_STANDARD = "gnu++17";
				CLANG_CXX_LIBRARY = "libc++";
				CLANG_ENABLE_MODULES = YES;
				CLANG_ENABLE_OBJC_ARC = YES;
				CLANG_ENABLE_OBJC_WEAK = YES;
				CLANG_WARN_BLOCK_CAPTURE_AUTORELEASING = YES;
				CLANG_WARN_BOOL_CONVERSION = YES;
				CLANG_WARN_COMMA = YES;
				CLANG_WARN_CONSTANT_CONVERSION = YES;
				CLANG_WARN_DEPRECATED_OBJC_IMPLEMENTATIONS = YES;
				CLANG_WARN_DIRECT_OBJC_ISA_USAGE = YES_ERROR;
				CLANG_WARN_DOCUMENTATION_COMMENTS = YES;
				CLANG_WARN_EMPTY_BODY = YES;
				CLANG_WARN_ENUM_CONVERSION = YES;
				CLANG_WARN_INFINITE_RECURSION = YES;
				CLANG_WARN_INT_CONVERSION = YES;
				CLANG_WARN_NON_LITERAL_NULL_CONVERSION = YES;
				CLANG_WARN_OBJC_IMPLICIT_RETAIN_SELF = YES;
				CLANG_WARN_OBJC_LITERAL_CONVERSION = YES;
				CLANG_WARN_OBJC_ROOT_CLASS = YES_ERROR;
				CLANG_WARN_QUOTED_INCLUDE_IN_FRAMEWORK_HEADER = YES;
				CLANG_WARN_RANGE_LOOP_ANALYSIS = YES;
				CLANG_WARN_STRICT_PROTOTYPES = YES;
				CLANG_WARN_SUSPICIOUS_MOVE = YES;
				CLANG_WARN_UNGUARDED_AVAILABILITY = YES_AGGRESSIVE;
				CLANG_WARN_UNREACHABLE_CODE = YES;
				CLANG_WARN__DUPLICATE_METHOD_MATCH = YES;
				COPY_PHASE_STRIP = NO;
				DEBUG_INFORMATION_FORMAT = dwarf;
				ENABLE_STRICT_OBJC_MSGSEND = YES;
				ENABLE_TESTABILITY = YES;
				GCC_C_LANGUAGE_STANDARD = gnu11;
				GCC_DYNAMIC_NO_PIC = NO;
				GCC_NO_COMMON_BLOCKS = YES;
				GCC_OPTIMIZATION_LEVEL = 0;
				GCC_PREPROCESSOR_DEFINITIONS = (
					"DEBUG=1",
					"$(inherited)",
				);
				GCC_WARN_64_TO_32_BIT_CONVERSION = YES;
				GCC_WARN_ABOUT_RETURN_TYPE = YES_ERROR;
				GCC_WARN_UNDECLARED_SELECTOR = YES;
				GCC_WARN_UNINITIALIZED_AUTOS = YES_AGGRESSIVE;
				GCC_WARN_UNUSED_FUNCTION = YES;
				GCC_WARN_UNUSED_VARIABLE = YES;
				MACOSX_DEPLOYMENT_TARGET = 11.6;
				MTL_ENABLE_DEBUG_INFO = INCLUDE_SOURCE;
				MTL_FAST_MATH = YES;
				ONLY_ACTIVE_ARCH = YES;
				SDKROOT = macosx;
				SWIFT_ACTIVE_COMPILATION_CONDITIONS = DEBUG;
				SWIFT_OPTIMIZATION_LEVEL = "-Onone";
			};
			name = Debug;
		};
		4FD39BDF2759BFD0006D5ED5 /* Release */ = {
			isa = XCBuildConfiguration;
			buildSettings = {
				ALWAYS_SEARCH_USER_PATHS = NO;
				CLANG_ANALYZER_NONNULL = YES;
				CLANG_ANALYZER_NUMBER_OBJECT_CONVERSION = YES_AGGRESSIVE;
				CLANG_CXX_LANGUAGE_STANDARD = "gnu++17";
				CLANG_CXX_LIBRARY = "libc++";
				CLANG_ENABLE_MODULES = YES;
				CLANG_ENABLE_OBJC_ARC = YES;
				CLANG_ENABLE_OBJC_WEAK = YES;
				CLANG_WARN_BLOCK_CAPTURE_AUTORELEASING = YES;
				CLANG_WARN_BOOL_CONVERSION = YES;
				CLANG_WARN_COMMA = YES;
				CLANG_WARN_CONSTANT_CONVERSION = YES;
				CLANG_WARN_DEPRECATED_OBJC_IMPLEMENTATIONS = YES;
				CLANG_WARN_DIRECT_OBJC_ISA_USAGE = YES_ERROR;
				CLANG_WARN_DOCUMENTATION_COMMENTS = YES;
				CLANG_WARN_EMPTY_BODY = YES;
				CLANG_WARN_ENUM_CONVERSION = YES;
				CLANG_WARN_INFINITE_RECURSION = YES;
				CLANG_WARN_INT_CONVERSION = YES;
				CLANG_WARN_NON_LITERAL_NULL_CONVERSION = YES;
				CLANG_WARN_OBJC_IMPLICIT_RETAIN_SELF = YES;
				CLANG_WARN_OBJC_LITERAL_CONVERSION = YES;
				CLANG_WARN_OBJC_ROOT_CLASS = YES_ERROR;
				CLANG_WARN_QUOTED_INCLUDE_IN_FRAMEWORK_HEADER = YES;
				CLANG_WARN_RANGE_LOOP_ANALYSIS = YES;
				CLANG_WARN_STRICT_PROTOTYPES = YES;
				CLANG_WARN_SUSPICIOUS_MOVE = YES;
				CLANG_WARN_UNGUARDED_AVAILABILITY = YES_AGGRESSIVE;
				CLANG_WARN_UNREACHABLE_CODE = YES;
				CLANG_WARN__DUPLICATE_METHOD_MATCH = YES;
				COPY_PHASE_STRIP = NO;
				DEBUG_INFORMATION_FORMAT = "dwarf-with-dsym";
				ENABLE_NS_ASSERTIONS = NO;
				ENABLE_STRICT_OBJC_MSGSEND = YES;
				GCC_C_LANGUAGE_STANDARD = gnu11;
				GCC_NO_COMMON_BLOCKS = YES;
				GCC_WARN_64_TO_32_BIT_CONVERSION = YES;
				GCC_WARN_ABOUT_RETURN_TYPE = YES_ERROR;
				GCC_WARN_UNDECLARED_SELECTOR = YES;
				GCC_WARN_UNINITIALIZED_AUTOS = YES_AGGRESSIVE;
				GCC_WARN_UNUSED_FUNCTION = YES;
				GCC_WARN_UNUSED_VARIABLE = YES;
				MACOSX_DEPLOYMENT_TARGET = 11.6;
				MTL_ENABLE_DEBUG_INFO = NO;
				MTL_FAST_MATH = YES;
				SDKROOT = macosx;
				SWIFT_COMPILATION_MODE = wholemodule;
				SWIFT_OPTIMIZATION_LEVEL = "-O";
			};
			name = Release;
		};
		4FD39BE12759BFD0006D5ED5 /* Debug */ = {
			isa = XCBuildConfiguration;
			buildSettings = {
				ASSETCATALOG_COMPILER_APPICON_NAME = AppIcon;
				ASSETCATALOG_COMPILER_GLOBAL_ACCENT_COLOR_NAME = AccentColor;
				CODE_SIGN_ENTITLEMENTS = "swift-growth/swift-growth.entitlements";
				CODE_SIGN_IDENTITY = "-";
				CODE_SIGN_STYLE = Automatic;
				COMBINE_HIDPI_IMAGES = YES;
				CURRENT_PROJECT_VERSION = 1;
				DEVELOPMENT_TEAM = P94YNTCBH3;
				GENERATE_INFOPLIST_FILE = YES;
				INFOPLIST_KEY_NSHumanReadableCopyright = "";
				LD_RUNPATH_SEARCH_PATHS = (
					"$(inherited)",
					"@executable_path/../Frameworks",
				);
				MACOSX_DEPLOYMENT_TARGET = 12.3;
				MARKETING_VERSION = 1.0;
				PRODUCT_BUNDLE_IDENTIFIER = "com.noah.swift-growth";
				PRODUCT_NAME = "$(TARGET_NAME)";
				SWIFT_EMIT_LOC_STRINGS = YES;
				SWIFT_VERSION = 5.0;
			};
			name = Debug;
		};
		4FD39BE22759BFD0006D5ED5 /* Release */ = {
			isa = XCBuildConfiguration;
			buildSettings = {
				ASSETCATALOG_COMPILER_APPICON_NAME = AppIcon;
				ASSETCATALOG_COMPILER_GLOBAL_ACCENT_COLOR_NAME = AccentColor;
				CODE_SIGN_ENTITLEMENTS = "swift-growth/swift-growth.entitlements";
				CODE_SIGN_IDENTITY = "-";
				CODE_SIGN_STYLE = Automatic;
				COMBINE_HIDPI_IMAGES = YES;
				CURRENT_PROJECT_VERSION = 1;
				DEVELOPMENT_TEAM = P94YNTCBH3;
				GENERATE_INFOPLIST_FILE = YES;
				INFOPLIST_KEY_NSHumanReadableCopyright = "";
				LD_RUNPATH_SEARCH_PATHS = (
					"$(inherited)",
					"@executable_path/../Frameworks",
				);
				MACOSX_DEPLOYMENT_TARGET = 12.3;
				MARKETING_VERSION = 1.0;
				PRODUCT_BUNDLE_IDENTIFIER = "com.noah.swift-growth";
				PRODUCT_NAME = "$(TARGET_NAME)";
				SWIFT_EMIT_LOC_STRINGS = YES;
				SWIFT_VERSION = 5.0;
			};
			name = Release;
		};
		4FD39BE42759BFD0006D5ED5 /* Debug */ = {
			isa = XCBuildConfiguration;
			buildSettings = {
				ALWAYS_EMBED_SWIFT_STANDARD_LIBRARIES = YES;
				BUNDLE_LOADER = "$(TEST_HOST)";
				CODE_SIGN_ENTITLEMENTS = "swift-growth/swift-growth.entitlements";
				CODE_SIGN_IDENTITY = "-";
				CODE_SIGN_STYLE = Automatic;
				COMBINE_HIDPI_IMAGES = YES;
				CURRENT_PROJECT_VERSION = 1;
				DEVELOPMENT_TEAM = P94YNTCBH3;
				GENERATE_INFOPLIST_FILE = YES;
				LD_RUNPATH_SEARCH_PATHS = (
					"$(inherited)",
					"@executable_path/../Frameworks",
					"@loader_path/../Frameworks",
				);
				MACOSX_DEPLOYMENT_TARGET = 11.6;
				MARKETING_VERSION = 1.0;
				PRODUCT_BUNDLE_IDENTIFIER = "com.noah.swift-growth-swiftTests";
				PRODUCT_NAME = "$(TARGET_NAME)";
				SWIFT_EMIT_LOC_STRINGS = NO;
				SWIFT_VERSION = 5.0;
				TEST_HOST = "$(BUILT_PRODUCTS_DIR)/swift-growth.app/Contents/MacOS/swift-growth";
			};
			name = Debug;
		};
		4FD39BE52759BFD0006D5ED5 /* Release */ = {
			isa = XCBuildConfiguration;
			buildSettings = {
				ALWAYS_EMBED_SWIFT_STANDARD_LIBRARIES = YES;
				BUNDLE_LOADER = "$(TEST_HOST)";
				CODE_SIGN_ENTITLEMENTS = "swift-growth/swift-growth.entitlements";
				CODE_SIGN_IDENTITY = "-";
				CODE_SIGN_STYLE = Automatic;
				COMBINE_HIDPI_IMAGES = YES;
				CURRENT_PROJECT_VERSION = 1;
				DEVELOPMENT_TEAM = P94YNTCBH3;
				GENERATE_INFOPLIST_FILE = YES;
				LD_RUNPATH_SEARCH_PATHS = (
					"$(inherited)",
					"@executable_path/../Frameworks",
					"@loader_path/../Frameworks",
				);
				MACOSX_DEPLOYMENT_TARGET = 11.6;
				MARKETING_VERSION = 1.0;
				PRODUCT_BUNDLE_IDENTIFIER = "com.noah.swift-growth-swiftTests";
				PRODUCT_NAME = "$(TARGET_NAME)";
				SWIFT_EMIT_LOC_STRINGS = NO;
				SWIFT_VERSION = 5.0;
				TEST_HOST = "$(BUILT_PRODUCTS_DIR)/swift-growth.app/Contents/MacOS/swift-growth";
			};
			name = Release;
		};
		4FD39BE72759BFD0006D5ED5 /* Debug */ = {
			isa = XCBuildConfiguration;
			buildSettings = {
				ALWAYS_EMBED_SWIFT_STANDARD_LIBRARIES = YES;
				CODE_SIGN_STYLE = Automatic;
				COMBINE_HIDPI_IMAGES = YES;
				CURRENT_PROJECT_VERSION = 1;
				DEVELOPMENT_TEAM = P94YNTCBH3;
				GENERATE_INFOPLIST_FILE = YES;
				LD_RUNPATH_SEARCH_PATHS = (
					"$(inherited)",
					"@executable_path/../Frameworks",
					"@loader_path/../Frameworks",
				);
				MARKETING_VERSION = 1.0;
				PRODUCT_BUNDLE_IDENTIFIER = "com.noah.swift-growth-swiftUITests";
				PRODUCT_NAME = "$(TARGET_NAME)";
				SWIFT_EMIT_LOC_STRINGS = NO;
				SWIFT_VERSION = 5.0;
				TEST_TARGET_NAME = "swift-growth";
			};
			name = Debug;
		};
		4FD39BE82759BFD0006D5ED5 /* Release */ = {
			isa = XCBuildConfiguration;
			buildSettings = {
				ALWAYS_EMBED_SWIFT_STANDARD_LIBRARIES = YES;
				CODE_SIGN_STYLE = Automatic;
				COMBINE_HIDPI_IMAGES = YES;
				CURRENT_PROJECT_VERSION = 1;
				DEVELOPMENT_TEAM = P94YNTCBH3;
				GENERATE_INFOPLIST_FILE = YES;
				LD_RUNPATH_SEARCH_PATHS = (
					"$(inherited)",
					"@executable_path/../Frameworks",
					"@loader_path/../Frameworks",
				);
				MARKETING_VERSION = 1.0;
				PRODUCT_BUNDLE_IDENTIFIER = "com.noah.swift-growth-swiftUITests";
				PRODUCT_NAME = "$(TARGET_NAME)";
				SWIFT_EMIT_LOC_STRINGS = NO;
				SWIFT_VERSION = 5.0;
				TEST_TARGET_NAME = "swift-growth";
			};
			name = Release;
		};
/* End XCBuildConfiguration section */

/* Begin XCConfigurationList section */
		4FD39BB02759BFCF006D5ED5 /* Build configuration list for PBXProject "swift-growth" */ = {
			isa = XCConfigurationList;
			buildConfigurations = (
				4FD39BDE2759BFD0006D5ED5 /* Debug */,
				4FD39BDF2759BFD0006D5ED5 /* Release */,
			);
			defaultConfigurationIsVisible = 0;
			defaultConfigurationName = Release;
		};
		4FD39BE02759BFD0006D5ED5 /* Build configuration list for PBXNativeTarget "swift-growth" */ = {
			isa = XCConfigurationList;
			buildConfigurations = (
				4FD39BE12759BFD0006D5ED5 /* Debug */,
				4FD39BE22759BFD0006D5ED5 /* Release */,
			);
			defaultConfigurationIsVisible = 0;
			defaultConfigurationName = Release;
		};
		4FD39BE32759BFD0006D5ED5 /* Build configuration list for PBXNativeTarget "swift-growthTests" */ = {
			isa = XCConfigurationList;
			buildConfigurations = (
				4FD39BE42759BFD0006D5ED5 /* Debug */,
				4FD39BE52759BFD0006D5ED5 /* Release */,
			);
			defaultConfigurationIsVisible = 0;
			defaultConfigurationName = Release;
		};
		4FD39BE62759BFD0006D5ED5 /* Build configuration list for PBXNativeTarget "swift-growthUITests" */ = {
			isa = XCConfigurationList;
			buildConfigurations = (
				4FD39BE72759BFD0006D5ED5 /* Debug */,
				4FD39BE82759BFD0006D5ED5 /* Release */,
			);
			defaultConfigurationIsVisible = 0;
			defaultConfigurationName = Release;
		};
/* End XCConfigurationList section */

/* Begin XCSwiftPackageProductDependency section */
		4F62820F2775855E00F31936 /* domain */ = {
			isa = XCSwiftPackageProductDependency;
			productName = domain;
		};
/* End XCSwiftPackageProductDependency section */
	};
	rootObject = 4FD39BAD2759BFCF006D5ED5 /* Project object */;
}
